
Microsoft Visual Studio Solution File, Format Version 12.00
# Visual Studio Version 17
VisualStudioVersion = 17.0.31903.59
MinimumVisualStudioVersion = 10.0.40219.1
Project("{FAE04EC0-301F-11D3-BF4B-00C04F79EFBC}") = "API", "API\API.csproj", "{EA6F8B5F-AEA0-499D-BDBA-5D03690C615A}"
EndProject
Project("{FAE04EC0-301F-11D3-BF4B-00C04F79EFBC}") = "Application", "Application\Application.csproj", "{2737EEE1-706F-4085-96A2-F49AF8D2E0AD}"
EndProject
Project("{FAE04EC0-301F-11D3-BF4B-00C04F79EFBC}") = "Domain", "Domain\Domain.csproj", "{A3B8798D-2F89-4E57-A82B-9B0151AA4315}"
EndProject
Project("{FAE04EC0-301F-11D3-BF4B-00C04F79EFBC}") = "Persistence", "Persistence\Persistence.csproj", "{DEF757C0-195A-4052-B839-02270831A96F}"
EndProject
Global
	GlobalSection(SolutionConfigurationPlatforms) = preSolution
		Debug|Any CPU = Debug|Any CPU
		Release|Any CPU = Release|Any CPU
	EndGlobalSection
	GlobalSection(SolutionProperties) = preSolution
		HideSolutionNode = FALSE
	EndGlobalSection
	GlobalSection(ProjectConfigurationPlatforms) = postSolution
		{EA6F8B5F-AEA0-499D-BDBA-5D03690C615A}.Debug|Any CPU.ActiveCfg = Debug|Any CPU
		{EA6F8B5F-AEA0-499D-BDBA-5D03690C615A}.Debug|Any CPU.Build.0 = Debug|Any CPU
		{EA6F8B5F-AEA0-499D-BDBA-5D03690C615A}.Release|Any CPU.ActiveCfg = Release|Any CPU
		{EA6F8B5F-AEA0-499D-BDBA-5D03690C615A}.Release|Any CPU.Build.0 = Release|Any CPU
		{2737EEE1-706F-4085-96A2-F49AF8D2E0AD}.Debug|Any CPU.ActiveCfg = Debug|Any CPU
		{2737EEE1-706F-4085-96A2-F49AF8D2E0AD}.Debug|Any CPU.Build.0 = Debug|Any CPU
		{2737EEE1-706F-4085-96A2-F49AF8D2E0AD}.Release|Any CPU.ActiveCfg = Release|Any CPU
		{2737EEE1-706F-4085-96A2-F49AF8D2E0AD}.Release|Any CPU.Build.0 = Release|Any CPU
		{A3B8798D-2F89-4E57-A82B-9B0151AA4315}.Debug|Any CPU.ActiveCfg = Debug|Any CPU
		{A3B8798D-2F89-4E57-A82B-9B0151AA4315}.Debug|Any CPU.Build.0 = Debug|Any CPU
		{A3B8798D-2F89-4E57-A82B-9B0151AA4315}.Release|Any CPU.ActiveCfg = Release|Any CPU
		{A3B8798D-2F89-4E57-A82B-9B0151AA4315}.Release|Any CPU.Build.0 = Release|Any CPU
		{DEF757C0-195A-4052-B839-02270831A96F}.Debug|Any CPU.ActiveCfg = Debug|Any CPU
		{DEF757C0-195A-4052-B839-02270831A96F}.Debug|Any CPU.Build.0 = Debug|Any CPU
		{DEF757C0-195A-4052-B839-02270831A96F}.Release|Any CPU.ActiveCfg = Release|Any CPU
		{DEF757C0-195A-4052-B839-02270831A96F}.Release|Any CPU.Build.0 = Release|Any CPU
	EndGlobalSection
EndGlobal
